
Microsoft Visual Studio Solution File, Format Version 12.00
# Visual Studio Version 17
VisualStudioVersion = 17.3.32929.385
MinimumVisualStudioVersion = 10.0.40219.1
Project("{FAE04EC0-301F-11D3-BF4B-00C04F79EFBC}") = "Perfect Numbers", "Perfect Numbers\Perfect Numbers.csproj", "{916F17E2-732D-4C60-A622-E85850AAB49E}"
EndProject
Global
	GlobalSection(SolutionConfigurationPlatforms) = preSolution
		Debug|Any CPU = Debug|Any CPU
		Release|Any CPU = Release|Any CPU
	EndGlobalSection
	GlobalSection(ProjectConfigurationPlatforms) = postSolution
		{916F17E2-732D-4C60-A622-E85850AAB49E}.Debug|Any CPU.ActiveCfg = Debug|Any CPU
		{916F17E2-732D-4C60-A622-E85850AAB49E}.Debug|Any CPU.Build.0 = Debug|Any CPU
		{916F17E2-732D-4C60-A622-E85850AAB49E}.Release|Any CPU.ActiveCfg = Release|Any CPU
		{916F17E2-732D-4C60-A622-E85850AAB49E}.Release|Any CPU.Build.0 = Release|Any CPU
	EndGlobalSection
	GlobalSection(SolutionProperties) = preSolution
		HideSolutionNode = FALSE
	EndGlobalSection
	GlobalSection(ExtensibilityGlobals) = postSolution
		SolutionGuid = {27E530EC-9479-494E-BE34-D373841823D3}
	EndGlobalSection
EndGlobal
